
Microsoft Visual Studio Solution File, Format Version 12.00
# Visual Studio Version 17
VisualStudioVersion = 17.13.35931.197 d17.13
MinimumVisualStudioVersion = 10.0.40219.1
Project("{2150E333-8FDC-42A3-9474-1A3956D46DE8}") = "Core", "Core", "{02EA681E-C7D8-13C7-8484-4AC65E1B71E8}"
EndProject
Project("{FAE04EC0-301F-11D3-BF4B-00C04F79EFBC}") = "UdemyCarBookDomain", "Core\UdemyCarBookDomain\UdemyCarBookDomain.csproj", "{41553267-BE8C-4368-8BEB-BD08CB791F83}"
EndProject
Project("{2150E333-8FDC-42A3-9474-1A3956D46DE8}") = "Infrastructure", "Infrastructure", "{9AE038C4-43D1-4E0D-8D1D-C4EC4A99641E}"
EndProject
Project("{FAE04EC0-301F-11D3-BF4B-00C04F79EFBC}") = "UdemyCarBook.Persistence", "Infrastructure\UdemyCarBook.Persistence\UdemyCarBook.Persistence.csproj", "{6CA6D750-214B-4196-B2EA-D3C54F322AA6}"
EndProject
Global
	GlobalSection(SolutionConfigurationPlatforms) = preSolution
		Debug|Any CPU = Debug|Any CPU
		Release|Any CPU = Release|Any CPU
	EndGlobalSection
	GlobalSection(ProjectConfigurationPlatforms) = postSolution
		{41553267-BE8C-4368-8BEB-BD08CB791F83}.Debug|Any CPU.ActiveCfg = Debug|Any CPU
		{41553267-BE8C-4368-8BEB-BD08CB791F83}.Debug|Any CPU.Build.0 = Debug|Any CPU
		{41553267-BE8C-4368-8BEB-BD08CB791F83}.Release|Any CPU.ActiveCfg = Release|Any CPU
		{41553267-BE8C-4368-8BEB-BD08CB791F83}.Release|Any CPU.Build.0 = Release|Any CPU
		{6CA6D750-214B-4196-B2EA-D3C54F322AA6}.Debug|Any CPU.ActiveCfg = Debug|Any CPU
		{6CA6D750-214B-4196-B2EA-D3C54F322AA6}.Debug|Any CPU.Build.0 = Debug|Any CPU
		{6CA6D750-214B-4196-B2EA-D3C54F322AA6}.Release|Any CPU.ActiveCfg = Release|Any CPU
		{6CA6D750-214B-4196-B2EA-D3C54F322AA6}.Release|Any CPU.Build.0 = Release|Any CPU
	EndGlobalSection
	GlobalSection(SolutionProperties) = preSolution
		HideSolutionNode = FALSE
	EndGlobalSection
	GlobalSection(NestedProjects) = preSolution
		{41553267-BE8C-4368-8BEB-BD08CB791F83} = {02EA681E-C7D8-13C7-8484-4AC65E1B71E8}
		{6CA6D750-214B-4196-B2EA-D3C54F322AA6} = {9AE038C4-43D1-4E0D-8D1D-C4EC4A99641E}
	EndGlobalSection
	GlobalSection(ExtensibilityGlobals) = postSolution
		SolutionGuid = {94E476E8-365D-4338-8B03-64D0FD7194C7}
	EndGlobalSection
EndGlobal
